
Microsoft Visual Studio Solution File, Format Version 12.00
# Visual Studio Version 17
VisualStudioVersion = 17.5.33424.131
MinimumVisualStudioVersion = 10.0.40219.1
Project("{FAE04EC0-301F-11D3-BF4B-00C04F79EFBC}") = "GaleryApp.Android", "GaleryApp\GaleryApp.Android\GaleryApp.Android.csproj", "{C1D7405A-BBC9-499B-A5F3-78C7F2733A55}"
EndProject
Project("{FAE04EC0-301F-11D3-BF4B-00C04F79EFBC}") = "GaleryApp.iOS", "GaleryApp\GaleryApp.iOS\GaleryApp.iOS.csproj", "{362BE256-F4D9-4FEA-8EBD-AD73AA9FEAD4}"
EndProject
Project("{FAE04EC0-301F-11D3-BF4B-00C04F79EFBC}") = "GaleryApp", "GaleryApp\GaleryApp\GaleryApp.csproj", "{81309C1E-FB12-4879-B269-4882924A8B6C}"
EndProject
Global
	GlobalSection(SolutionConfigurationPlatforms) = preSolution
		Debug|Any CPU = Debug|Any CPU
		Debug|iPhone = Debug|iPhone
		Debug|iPhoneSimulator = Debug|iPhoneSimulator
		Release|Any CPU = Release|Any CPU
		Release|iPhone = Release|iPhone
		Release|iPhoneSimulator = Release|iPhoneSimulator
	EndGlobalSection
	GlobalSection(ProjectConfigurationPlatforms) = postSolution
		{C1D7405A-BBC9-499B-A5F3-78C7F2733A55}.Debug|Any CPU.ActiveCfg = Debug|Any CPU
		{C1D7405A-BBC9-499B-A5F3-78C7F2733A55}.Debug|Any CPU.Build.0 = Debug|Any CPU
		{C1D7405A-BBC9-499B-A5F3-78C7F2733A55}.Debug|Any CPU.Deploy.0 = Debug|Any CPU
		{C1D7405A-BBC9-499B-A5F3-78C7F2733A55}.Debug|iPhone.ActiveCfg = Debug|Any CPU
		{C1D7405A-BBC9-499B-A5F3-78C7F2733A55}.Debug|iPhone.Build.0 = Debug|Any CPU
		{C1D7405A-BBC9-499B-A5F3-78C7F2733A55}.Debug|iPhone.Deploy.0 = Debug|Any CPU
		{C1D7405A-BBC9-499B-A5F3-78C7F2733A55}.Debug|iPhoneSimulator.ActiveCfg = Debug|Any CPU
		{C1D7405A-BBC9-499B-A5F3-78C7F2733A55}.Debug|iPhoneSimulator.Build.0 = Debug|Any CPU
		{C1D7405A-BBC9-499B-A5F3-78C7F2733A55}.Debug|iPhoneSimulator.Deploy.0 = Debug|Any CPU
		{C1D7405A-BBC9-499B-A5F3-78C7F2733A55}.Release|Any CPU.ActiveCfg = Release|Any CPU
		{C1D7405A-BBC9-499B-A5F3-78C7F2733A55}.Release|Any CPU.Build.0 = Release|Any CPU
		{C1D7405A-BBC9-499B-A5F3-78C7F2733A55}.Release|Any CPU.Deploy.0 = Release|Any CPU
		{C1D7405A-BBC9-499B-A5F3-78C7F2733A55}.Release|iPhone.ActiveCfg = Release|Any CPU
		{C1D7405A-BBC9-499B-A5F3-78C7F2733A55}.Release|iPhone.Build.0 = Release|Any CPU
		{C1D7405A-BBC9-499B-A5F3-78C7F2733A55}.Release|iPhone.Deploy.0 = Release|Any CPU
		{C1D7405A-BBC9-499B-A5F3-78C7F2733A55}.Release|iPhoneSimulator.ActiveCfg = Release|Any CPU
		{C1D7405A-BBC9-499B-A5F3-78C7F2733A55}.Release|iPhoneSimulator.Build.0 = Release|Any CPU
		{C1D7405A-BBC9-499B-A5F3-78C7F2733A55}.Release|iPhoneSimulator.Deploy.0 = Release|Any CPU
		{362BE256-F4D9-4FEA-8EBD-AD73AA9FEAD4}.Debug|Any CPU.ActiveCfg = Debug|iPhone
		{362BE256-F4D9-4FEA-8EBD-AD73AA9FEAD4}.Debug|Any CPU.Build.0 = Debug|iPhone
		{362BE256-F4D9-4FEA-8EBD-AD73AA9FEAD4}.Debug|Any CPU.Deploy.0 = Debug|iPhone
		{362BE256-F4D9-4FEA-8EBD-AD73AA9FEAD4}.Debug|iPhone.ActiveCfg = Debug|iPhone
		{362BE256-F4D9-4FEA-8EBD-AD73AA9FEAD4}.Debug|iPhone.Build.0 = Debug|iPhone
		{362BE256-F4D9-4FEA-8EBD-AD73AA9FEAD4}.Debug|iPhone.Deploy.0 = Debug|iPhone
		{362BE256-F4D9-4FEA-8EBD-AD73AA9FEAD4}.Debug|iPhoneSimulator.ActiveCfg = Debug|iPhoneSimulator
		{362BE256-F4D9-4FEA-8EBD-AD73AA9FEAD4}.Debug|iPhoneSimulator.Build.0 = Debug|iPhoneSimulator
		{362BE256-F4D9-4FEA-8EBD-AD73AA9FEAD4}.Debug|iPhoneSimulator.Deploy.0 = Debug|iPhoneSimulator
		{362BE256-F4D9-4FEA-8EBD-AD73AA9FEAD4}.Release|Any CPU.ActiveCfg = Release|iPhoneSimulator
		{362BE256-F4D9-4FEA-8EBD-AD73AA9FEAD4}.Release|Any CPU.Build.0 = Release|iPhoneSimulator
		{362BE256-F4D9-4FEA-8EBD-AD73AA9FEAD4}.Release|Any CPU.Deploy.0 = Release|iPhoneSimulator
		{362BE256-F4D9-4FEA-8EBD-AD73AA9FEAD4}.Release|iPhone.ActiveCfg = Release|iPhone
		{362BE256-F4D9-4FEA-8EBD-AD73AA9FEAD4}.Release|iPhone.Build.0 = Release|iPhone
		{362BE256-F4D9-4FEA-8EBD-AD73AA9FEAD4}.Release|iPhone.Deploy.0 = Release|iPhone
		{362BE256-F4D9-4FEA-8EBD-AD73AA9FEAD4}.Release|iPhoneSimulator.ActiveCfg = Release|iPhoneSimulator
		{362BE256-F4D9-4FEA-8EBD-AD73AA9FEAD4}.Release|iPhoneSimulator.Build.0 = Release|iPhoneSimulator
		{362BE256-F4D9-4FEA-8EBD-AD73AA9FEAD4}.Release|iPhoneSimulator.Deploy.0 = Release|iPhoneSimulator
		{81309C1E-FB12-4879-B269-4882924A8B6C}.Debug|Any CPU.ActiveCfg = Debug|Any CPU
		{81309C1E-FB12-4879-B269-4882924A8B6C}.Debug|Any CPU.Build.0 = Debug|Any CPU
		{81309C1E-FB12-4879-B269-4882924A8B6C}.Debug|Any CPU.Deploy.0 = Debug|Any CPU
		{81309C1E-FB12-4879-B269-4882924A8B6C}.Debug|iPhone.ActiveCfg = Debug|Any CPU
		{81309C1E-FB12-4879-B269-4882924A8B6C}.Debug|iPhone.Build.0 = Debug|Any CPU
		{81309C1E-FB12-4879-B269-4882924A8B6C}.Debug|iPhone.Deploy.0 = Debug|Any CPU
		{81309C1E-FB12-4879-B269-4882924A8B6C}.Debug|iPhoneSimulator.ActiveCfg = Debug|Any CPU
		{81309C1E-FB12-4879-B269-4882924A8B6C}.Debug|iPhoneSimulator.Build.0 = Debug|Any CPU
		{81309C1E-FB12-4879-B269-4882924A8B6C}.Debug|iPhoneSimulator.Deploy.0 = Debug|Any CPU
		{81309C1E-FB12-4879-B269-4882924A8B6C}.Release|Any CPU.ActiveCfg = Release|Any CPU
		{81309C1E-FB12-4879-B269-4882924A8B6C}.Release|Any CPU.Build.0 = Release|Any CPU
		{81309C1E-FB12-4879-B269-4882924A8B6C}.Release|Any CPU.Deploy.0 = Release|Any CPU
		{81309C1E-FB12-4879-B269-4882924A8B6C}.Release|iPhone.ActiveCfg = Release|Any CPU
		{81309C1E-FB12-4879-B269-4882924A8B6C}.Release|iPhone.Build.0 = Release|Any CPU
		{81309C1E-FB12-4879-B269-4882924A8B6C}.Release|iPhone.Deploy.0 = Release|Any CPU
		{81309C1E-FB12-4879-B269-4882924A8B6C}.Release|iPhoneSimulator.ActiveCfg = Release|Any CPU
		{81309C1E-FB12-4879-B269-4882924A8B6C}.Release|iPhoneSimulator.Build.0 = Release|Any CPU
		{81309C1E-FB12-4879-B269-4882924A8B6C}.Release|iPhoneSimulator.Deploy.0 = Release|Any CPU
	EndGlobalSection
	GlobalSection(SolutionProperties) = preSolution
		HideSolutionNode = FALSE
	EndGlobalSection
	GlobalSection(ExtensibilityGlobals) = postSolution
		SolutionGuid = {1EF71B30-ACCE-49A3-8ECE-5D57B1B50E3F}
	EndGlobalSection
EndGlobal
